
Microsoft Visual Studio Solution File, Format Version 12.00
# Visual Studio Version 16
VisualStudioVersion = 16.0.30114.105
MinimumVisualStudioVersion = 10.0.40219.1
Project("{FAE04EC0-301F-11D3-BF4B-00C04F79EFBC}") = "ApiGateway", "ApiGateway\ApiGateway.csproj", "{12C80808-979B-455C-8EBB-529B01E691B9}"
EndProject
Project("{FAE04EC0-301F-11D3-BF4B-00C04F79EFBC}") = "OrderService", "OrderService\OrderService.csproj", "{1A46DA2D-08D7-4B1D-9F7E-C2A9AFDBC068}"
EndProject
Project("{FAE04EC0-301F-11D3-BF4B-00C04F79EFBC}") = "PaymentService", "PaymentService\PaymentService.csproj", "{0AAFF7F1-A3E7-42B0-B630-A3BFD9AD08DA}"
EndProject
Project("{FAE04EC0-301F-11D3-BF4B-00C04F79EFBC}") = "UserService", "UserService\UserService.csproj", "{B72E76E1-CF73-4820-B801-A0E1836A0EBA}"
EndProject
Project("{FAE04EC0-301F-11D3-BF4B-00C04F79EFBC}") = "OrderService.Tests", "OrderService.Tests\OrderService.Tests.csproj", "{84CC4F00-B748-4BC6-9CC3-C82924AA138F}"
EndProject
Project("{FAE04EC0-301F-11D3-BF4B-00C04F79EFBC}") = "UserService.Tests", "UserService.Tests\UserService.Tests.csproj", "{655F772F-2AEC-4B4B-BDE2-C6C5A51231D8}"
EndProject
Project("{FAE04EC0-301F-11D3-BF4B-00C04F79EFBC}") = "PaymentService.Tests", "PaymentService.Tests\PaymentService.Tests.csproj", "{B375A66D-7A46-47EF-A62C-8188A6E76EA4}"
EndProject
Project("{FAE04EC0-301F-11D3-BF4B-00C04F79EFBC}") = "Contracts", "Contracts\Contracts.csproj", "{D2466FC7-431E-4D66-B249-FC6704D10B72}"
EndProject
Project("{FAE04EC0-301F-11D3-BF4B-00C04F79EFBC}") = "Infrastructure", "Infrastructure\Infrastructure.csproj", "{D030F8E1-87AD-4934-8A36-7EBF956244E3}"
EndProject
Global
	GlobalSection(SolutionConfigurationPlatforms) = preSolution
		Debug|Any CPU = Debug|Any CPU
		Debug|x64 = Debug|x64
		Debug|x86 = Debug|x86
		Release|Any CPU = Release|Any CPU
		Release|x64 = Release|x64
		Release|x86 = Release|x86
	EndGlobalSection
	GlobalSection(ProjectConfigurationPlatforms) = postSolution
		{12C80808-979B-455C-8EBB-529B01E691B9}.Debug|Any CPU.ActiveCfg = Debug|Any CPU
		{12C80808-979B-455C-8EBB-529B01E691B9}.Debug|Any CPU.Build.0 = Debug|Any CPU
		{12C80808-979B-455C-8EBB-529B01E691B9}.Debug|x64.ActiveCfg = Debug|Any CPU
		{12C80808-979B-455C-8EBB-529B01E691B9}.Debug|x64.Build.0 = Debug|Any CPU
		{12C80808-979B-455C-8EBB-529B01E691B9}.Debug|x86.ActiveCfg = Debug|Any CPU
		{12C80808-979B-455C-8EBB-529B01E691B9}.Debug|x86.Build.0 = Debug|Any CPU
		{12C80808-979B-455C-8EBB-529B01E691B9}.Release|Any CPU.ActiveCfg = Release|Any CPU
		{12C80808-979B-455C-8EBB-529B01E691B9}.Release|Any CPU.Build.0 = Release|Any CPU
		{12C80808-979B-455C-8EBB-529B01E691B9}.Release|x64.ActiveCfg = Release|Any CPU
		{12C80808-979B-455C-8EBB-529B01E691B9}.Release|x64.Build.0 = Release|Any CPU
		{12C80808-979B-455C-8EBB-529B01E691B9}.Release|x86.ActiveCfg = Release|Any CPU
		{12C80808-979B-455C-8EBB-529B01E691B9}.Release|x86.Build.0 = Release|Any CPU
		{1A46DA2D-08D7-4B1D-9F7E-C2A9AFDBC068}.Debug|Any CPU.ActiveCfg = Debug|Any CPU
		{1A46DA2D-08D7-4B1D-9F7E-C2A9AFDBC068}.Debug|Any CPU.Build.0 = Debug|Any CPU
		{1A46DA2D-08D7-4B1D-9F7E-C2A9AFDBC068}.Debug|x64.ActiveCfg = Debug|Any CPU
		{1A46DA2D-08D7-4B1D-9F7E-C2A9AFDBC068}.Debug|x64.Build.0 = Debug|Any CPU
		{1A46DA2D-08D7-4B1D-9F7E-C2A9AFDBC068}.Debug|x86.ActiveCfg = Debug|Any CPU
		{1A46DA2D-08D7-4B1D-9F7E-C2A9AFDBC068}.Debug|x86.Build.0 = Debug|Any CPU
		{1A46DA2D-08D7-4B1D-9F7E-C2A9AFDBC068}.Release|Any CPU.ActiveCfg = Release|Any CPU
		{1A46DA2D-08D7-4B1D-9F7E-C2A9AFDBC068}.Release|Any CPU.Build.0 = Release|Any CPU
		{1A46DA2D-08D7-4B1D-9F7E-C2A9AFDBC068}.Release|x64.ActiveCfg = Release|Any CPU
		{1A46DA2D-08D7-4B1D-9F7E-C2A9AFDBC068}.Release|x64.Build.0 = Release|Any CPU
		{1A46DA2D-08D7-4B1D-9F7E-C2A9AFDBC068}.Release|x86.ActiveCfg = Release|Any CPU
		{1A46DA2D-08D7-4B1D-9F7E-C2A9AFDBC068}.Release|x86.Build.0 = Release|Any CPU
		{0AAFF7F1-A3E7-42B0-B630-A3BFD9AD08DA}.Debug|Any CPU.ActiveCfg = Debug|Any CPU
		{0AAFF7F1-A3E7-42B0-B630-A3BFD9AD08DA}.Debug|Any CPU.Build.0 = Debug|Any CPU
		{0AAFF7F1-A3E7-42B0-B630-A3BFD9AD08DA}.Debug|x64.ActiveCfg = Debug|Any CPU
		{0AAFF7F1-A3E7-42B0-B630-A3BFD9AD08DA}.Debug|x64.Build.0 = Debug|Any CPU
		{0AAFF7F1-A3E7-42B0-B630-A3BFD9AD08DA}.Debug|x86.ActiveCfg = Debug|Any CPU
		{0AAFF7F1-A3E7-42B0-B630-A3BFD9AD08DA}.Debug|x86.Build.0 = Debug|Any CPU
		{0AAFF7F1-A3E7-42B0-B630-A3BFD9AD08DA}.Release|Any CPU.ActiveCfg = Release|Any CPU
		{0AAFF7F1-A3E7-42B0-B630-A3BFD9AD08DA}.Release|Any CPU.Build.0 = Release|Any CPU
		{0AAFF7F1-A3E7-42B0-B630-A3BFD9AD08DA}.Release|x64.ActiveCfg = Release|Any CPU
		{0AAFF7F1-A3E7-42B0-B630-A3BFD9AD08DA}.Release|x64.Build.0 = Release|Any CPU
		{0AAFF7F1-A3E7-42B0-B630-A3BFD9AD08DA}.Release|x86.ActiveCfg = Release|Any CPU
		{0AAFF7F1-A3E7-42B0-B630-A3BFD9AD08DA}.Release|x86.Build.0 = Release|Any CPU
		{B72E76E1-CF73-4820-B801-A0E1836A0EBA}.Debug|Any CPU.ActiveCfg = Debug|Any CPU
		{B72E76E1-CF73-4820-B801-A0E1836A0EBA}.Debug|Any CPU.Build.0 = Debug|Any CPU
		{B72E76E1-CF73-4820-B801-A0E1836A0EBA}.Debug|x64.ActiveCfg = Debug|Any CPU
		{B72E76E1-CF73-4820-B801-A0E1836A0EBA}.Debug|x64.Build.0 = Debug|Any CPU
		{B72E76E1-CF73-4820-B801-A0E1836A0EBA}.Debug|x86.ActiveCfg = Debug|Any CPU
		{B72E76E1-CF73-4820-B801-A0E1836A0EBA}.Debug|x86.Build.0 = Debug|Any CPU
		{B72E76E1-CF73-4820-B801-A0E1836A0EBA}.Release|Any CPU.ActiveCfg = Release|Any CPU
		{B72E76E1-CF73-4820-B801-A0E1836A0EBA}.Release|Any CPU.Build.0 = Release|Any CPU
		{B72E76E1-CF73-4820-B801-A0E1836A0EBA}.Release|x64.ActiveCfg = Release|Any CPU
		{B72E76E1-CF73-4820-B801-A0E1836A0EBA}.Release|x64.Build.0 = Release|Any CPU
		{B72E76E1-CF73-4820-B801-A0E1836A0EBA}.Release|x86.ActiveCfg = Release|Any CPU
		{B72E76E1-CF73-4820-B801-A0E1836A0EBA}.Release|x86.Build.0 = Release|Any CPU
		{84CC4F00-B748-4BC6-9CC3-C82924AA138F}.Debug|Any CPU.ActiveCfg = Debug|Any CPU
		{84CC4F00-B748-4BC6-9CC3-C82924AA138F}.Debug|Any CPU.Build.0 = Debug|Any CPU
		{84CC4F00-B748-4BC6-9CC3-C82924AA138F}.Debug|x64.ActiveCfg = Debug|Any CPU
		{84CC4F00-B748-4BC6-9CC3-C82924AA138F}.Debug|x64.Build.0 = Debug|Any CPU
		{84CC4F00-B748-4BC6-9CC3-C82924AA138F}.Debug|x86.ActiveCfg = Debug|Any CPU
		{84CC4F00-B748-4BC6-9CC3-C82924AA138F}.Debug|x86.Build.0 = Debug|Any CPU
		{84CC4F00-B748-4BC6-9CC3-C82924AA138F}.Release|Any CPU.ActiveCfg = Release|Any CPU
		{84CC4F00-B748-4BC6-9CC3-C82924AA138F}.Release|Any CPU.Build.0 = Release|Any CPU
		{84CC4F00-B748-4BC6-9CC3-C82924AA138F}.Release|x64.ActiveCfg = Release|Any CPU
		{84CC4F00-B748-4BC6-9CC3-C82924AA138F}.Release|x64.Build.0 = Release|Any CPU
		{84CC4F00-B748-4BC6-9CC3-C82924AA138F}.Release|x86.ActiveCfg = Release|Any CPU
		{84CC4F00-B748-4BC6-9CC3-C82924AA138F}.Release|x86.Build.0 = Release|Any CPU
		{655F772F-2AEC-4B4B-BDE2-C6C5A51231D8}.Debug|Any CPU.ActiveCfg = Debug|Any CPU
		{655F772F-2AEC-4B4B-BDE2-C6C5A51231D8}.Debug|Any CPU.Build.0 = Debug|Any CPU
		{655F772F-2AEC-4B4B-BDE2-C6C5A51231D8}.Debug|x64.ActiveCfg = Debug|Any CPU
		{655F772F-2AEC-4B4B-BDE2-C6C5A51231D8}.Debug|x64.Build.0 = Debug|Any CPU
		{655F772F-2AEC-4B4B-BDE2-C6C5A51231D8}.Debug|x86.ActiveCfg = Debug|Any CPU
		{655F772F-2AEC-4B4B-BDE2-C6C5A51231D8}.Debug|x86.Build.0 = Debug|Any CPU
		{655F772F-2AEC-4B4B-BDE2-C6C5A51231D8}.Release|Any CPU.ActiveCfg = Release|Any CPU
		{655F772F-2AEC-4B4B-BDE2-C6C5A51231D8}.Release|Any CPU.Build.0 = Release|Any CPU
		{655F772F-2AEC-4B4B-BDE2-C6C5A51231D8}.Release|x64.ActiveCfg = Release|Any CPU
		{655F772F-2AEC-4B4B-BDE2-C6C5A51231D8}.Release|x64.Build.0 = Release|Any CPU
		{655F772F-2AEC-4B4B-BDE2-C6C5A51231D8}.Release|x86.ActiveCfg = Release|Any CPU
		{655F772F-2AEC-4B4B-BDE2-C6C5A51231D8}.Release|x86.Build.0 = Release|Any CPU
		{B375A66D-7A46-47EF-A62C-8188A6E76EA4}.Debug|Any CPU.ActiveCfg = Debug|Any CPU
		{B375A66D-7A46-47EF-A62C-8188A6E76EA4}.Debug|Any CPU.Build.0 = Debug|Any CPU
		{B375A66D-7A46-47EF-A62C-8188A6E76EA4}.Debug|x64.ActiveCfg = Debug|Any CPU
		{B375A66D-7A46-47EF-A62C-8188A6E76EA4}.Debug|x64.Build.0 = Debug|Any CPU
		{B375A66D-7A46-47EF-A62C-8188A6E76EA4}.Debug|x86.ActiveCfg = Debug|Any CPU
		{B375A66D-7A46-47EF-A62C-8188A6E76EA4}.Debug|x86.Build.0 = Debug|Any CPU
		{B375A66D-7A46-47EF-A62C-8188A6E76EA4}.Release|Any CPU.ActiveCfg = Release|Any CPU
		{B375A66D-7A46-47EF-A62C-8188A6E76EA4}.Release|Any CPU.Build.0 = Release|Any CPU
		{B375A66D-7A46-47EF-A62C-8188A6E76EA4}.Release|x64.ActiveCfg = Release|Any CPU
		{B375A66D-7A46-47EF-A62C-8188A6E76EA4}.Release|x64.Build.0 = Release|Any CPU
		{B375A66D-7A46-47EF-A62C-8188A6E76EA4}.Release|x86.ActiveCfg = Release|Any CPU
		{B375A66D-7A46-47EF-A62C-8188A6E76EA4}.Release|x86.Build.0 = Release|Any CPU
		{D2466FC7-431E-4D66-B249-FC6704D10B72}.Debug|Any CPU.ActiveCfg = Debug|Any CPU
		{D2466FC7-431E-4D66-B249-FC6704D10B72}.Debug|Any CPU.Build.0 = Debug|Any CPU
		{D2466FC7-431E-4D66-B249-FC6704D10B72}.Debug|x64.ActiveCfg = Debug|Any CPU
		{D2466FC7-431E-4D66-B249-FC6704D10B72}.Debug|x64.Build.0 = Debug|Any CPU
		{D2466FC7-431E-4D66-B249-FC6704D10B72}.Debug|x86.ActiveCfg = Debug|Any CPU
		{D2466FC7-431E-4D66-B249-FC6704D10B72}.Debug|x86.Build.0 = Debug|Any CPU
		{D2466FC7-431E-4D66-B249-FC6704D10B72}.Release|Any CPU.ActiveCfg = Release|Any CPU
		{D2466FC7-431E-4D66-B249-FC6704D10B72}.Release|Any CPU.Build.0 = Release|Any CPU
		{D2466FC7-431E-4D66-B249-FC6704D10B72}.Release|x64.ActiveCfg = Release|Any CPU
		{D2466FC7-431E-4D66-B249-FC6704D10B72}.Release|x64.Build.0 = Release|Any CPU
		{D2466FC7-431E-4D66-B249-FC6704D10B72}.Release|x86.ActiveCfg = Release|Any CPU
		{D2466FC7-431E-4D66-B249-FC6704D10B72}.Release|x86.Build.0 = Release|Any CPU
		{D030F8E1-87AD-4934-8A36-7EBF956244E3}.Debug|Any CPU.ActiveCfg = Debug|Any CPU
		{D030F8E1-87AD-4934-8A36-7EBF956244E3}.Debug|Any CPU.Build.0 = Debug|Any CPU
		{D030F8E1-87AD-4934-8A36-7EBF956244E3}.Debug|x64.ActiveCfg = Debug|Any CPU
		{D030F8E1-87AD-4934-8A36-7EBF956244E3}.Debug|x64.Build.0 = Debug|Any CPU
		{D030F8E1-87AD-4934-8A36-7EBF956244E3}.Debug|x86.ActiveCfg = Debug|Any CPU
		{D030F8E1-87AD-4934-8A36-7EBF956244E3}.Debug|x86.Build.0 = Debug|Any CPU
		{D030F8E1-87AD-4934-8A36-7EBF956244E3}.Release|Any CPU.ActiveCfg = Release|Any CPU
		{D030F8E1-87AD-4934-8A36-7EBF956244E3}.Release|Any CPU.Build.0 = Release|Any CPU
		{D030F8E1-87AD-4934-8A36-7EBF956244E3}.Release|x64.ActiveCfg = Release|Any CPU
		{D030F8E1-87AD-4934-8A36-7EBF956244E3}.Release|x64.Build.0 = Release|Any CPU
		{D030F8E1-87AD-4934-8A36-7EBF956244E3}.Release|x86.ActiveCfg = Release|Any CPU
		{D030F8E1-87AD-4934-8A36-7EBF956244E3}.Release|x86.Build.0 = Release|Any CPU
	EndGlobalSection
	GlobalSection(SolutionProperties) = preSolution
		HideSolutionNode = FALSE
	EndGlobalSection
EndGlobal
